// !$*UTF8*$!
{
	archiveVersion = 1;
	classes = {
	};
	objectVersion = 46;
	objects = {

/* Begin PBXBuildFile section */
		D8E17A3819640AA200F1549F /* Foundation.framework in Frameworks */ = {isa = PBXBuildFile; fileRef = D8E17A3719640AA200F1549F /* Foundation.framework */; };
		D8E17A3A19640AA200F1549F /* CoreGraphics.framework in Frameworks */ = {isa = PBXBuildFile; fileRef = D8E17A3919640AA200F1549F /* CoreGraphics.framework */; };
		D8E17A3C19640AA200F1549F /* UIKit.framework in Frameworks */ = {isa = PBXBuildFile; fileRef = D8E17A3B19640AA200F1549F /* UIKit.framework */; };
		D8E17A4219640AA200F1549F /* InfoPlist.strings in Resources */ = {isa = PBXBuildFile; fileRef = D8E17A4019640AA200F1549F /* InfoPlist.strings */; };
		D8E17A4419640AA200F1549F /* main.m in Sources */ = {isa = PBXBuildFile; fileRef = D8E17A4319640AA200F1549F /* main.m */; };
		D8E17A4819640AA200F1549F /* FISAppDelegate.m in Sources */ = {isa = PBXBuildFile; fileRef = D8E17A4719640AA200F1549F /* FISAppDelegate.m */; };
		D8E17A4B19640AA200F1549F /* Main.storyboard in Resources */ = {isa = PBXBuildFile; fileRef = D8E17A4919640AA200F1549F /* Main.storyboard */; };
		D8E17A4E19640AA200F1549F /* FISViewController.m in Sources */ = {isa = PBXBuildFile; fileRef = D8E17A4D19640AA200F1549F /* FISViewController.m */; };
		D8E17A5019640AA200F1549F /* Images.xcassets in Resources */ = {isa = PBXBuildFile; fileRef = D8E17A4F19640AA200F1549F /* Images.xcassets */; };
		D8E17A5719640AA200F1549F /* XCTest.framework in Frameworks */ = {isa = PBXBuildFile; fileRef = D8E17A5619640AA200F1549F /* XCTest.framework */; };
		D8E17A5819640AA200F1549F /* Foundation.framework in Frameworks */ = {isa = PBXBuildFile; fileRef = D8E17A3719640AA200F1549F /* Foundation.framework */; };
		D8E17A5919640AA200F1549F /* UIKit.framework in Frameworks */ = {isa = PBXBuildFile; fileRef = D8E17A3B19640AA200F1549F /* UIKit.framework */; };
		E271A43F1BE3AA2600180BC8 /* Launch Screen.storyboard in Resources */ = {isa = PBXBuildFile; fileRef = E271A43E1BE3AA2600180BC8 /* Launch Screen.storyboard */; };
/* End PBXBuildFile section */

/* Begin PBXContainerItemProxy section */
		D8E17A5A19640AA200F1549F /* PBXContainerItemProxy */ = {
			isa = PBXContainerItemProxy;
			containerPortal = D8E17A2C19640AA200F1549F /* Project object */;
			proxyType = 1;
			remoteGlobalIDString = D8E17A3319640AA200F1549F;
			remoteInfo = validatedSignUp;
		};
/* End PBXContainerItemProxy section */

/* Begin PBXFileReference section */
		D8E17A3419640AA200F1549F /* validatedSignUp.app */ = {isa = PBXFileReference; explicitFileType = wrapper.application; includeInIndex = 0; path = validatedSignUp.app; sourceTree = BUILT_PRODUCTS_DIR; };
		D8E17A3719640AA200F1549F /* Foundation.framework */ = {isa = PBXFileReference; lastKnownFileType = wrapper.framework; name = Foundation.framework; path = System/Library/Frameworks/Foundation.framework; sourceTree = SDKROOT; };
		D8E17A3919640AA200F1549F /* CoreGraphics.framework */ = {isa = PBXFileReference; lastKnownFileType = wrapper.framework; name = CoreGraphics.framework; path = System/Library/Frameworks/CoreGraphics.framework; sourceTree = SDKROOT; };
		D8E17A3B19640AA200F1549F /* UIKit.framework */ = {isa = PBXFileReference; lastKnownFileType = wrapper.framework; name = UIKit.framework; path = System/Library/Frameworks/UIKit.framework; sourceTree = SDKROOT; };
		D8E17A3F19640AA200F1549F /* validatedSignUp-Info.plist */ = {isa = PBXFileReference; lastKnownFileType = text.plist.xml; path = "validatedSignUp-Info.plist"; sourceTree = "<group>"; };
		D8E17A4119640AA200F1549F /* en */ = {isa = PBXFileReference; lastKnownFileType = text.plist.strings; name = en; path = en.lproj/InfoPlist.strings; sourceTree = "<group>"; };
		D8E17A4319640AA200F1549F /* main.m */ = {isa = PBXFileReference; lastKnownFileType = sourcecode.c.objc; path = main.m; sourceTree = "<group>"; };
		D8E17A4519640AA200F1549F /* validatedSignUp-Prefix.pch */ = {isa = PBXFileReference; lastKnownFileType = sourcecode.c.h; path = "validatedSignUp-Prefix.pch"; sourceTree = "<group>"; };
		D8E17A4619640AA200F1549F /* FISAppDelegate.h */ = {isa = PBXFileReference; lastKnownFileType = sourcecode.c.h; path = FISAppDelegate.h; sourceTree = "<group>"; };
		D8E17A4719640AA200F1549F /* FISAppDelegate.m */ = {isa = PBXFileReference; lastKnownFileType = sourcecode.c.objc; path = FISAppDelegate.m; sourceTree = "<group>"; };
		D8E17A4A19640AA200F1549F /* Base */ = {isa = PBXFileReference; lastKnownFileType = file.storyboard; name = Base; path = Base.lproj/Main.storyboard; sourceTree = "<group>"; };
		D8E17A4C19640AA200F1549F /* FISViewController.h */ = {isa = PBXFileReference; lastKnownFileType = sourcecode.c.h; path = FISViewController.h; sourceTree = "<group>"; };
		D8E17A4D19640AA200F1549F /* FISViewController.m */ = {isa = PBXFileReference; lastKnownFileType = sourcecode.c.objc; path = FISViewController.m; sourceTree = "<group>"; };
		D8E17A4F19640AA200F1549F /* Images.xcassets */ = {isa = PBXFileReference; lastKnownFileType = folder.assetcatalog; path = Images.xcassets; sourceTree = "<group>"; };
		D8E17A5519640AA200F1549F /* validatedSignUpTests.xctest */ = {isa = PBXFileReference; explicitFileType = wrapper.cfbundle; includeInIndex = 0; path = validatedSignUpTests.xctest; sourceTree = BUILT_PRODUCTS_DIR; };
		D8E17A5619640AA200F1549F /* XCTest.framework */ = {isa = PBXFileReference; lastKnownFileType = wrapper.framework; name = XCTest.framework; path = Library/Frameworks/XCTest.framework; sourceTree = DEVELOPER_DIR; };
		E271A43E1BE3AA2600180BC8 /* Launch Screen.storyboard */ = {isa = PBXFileReference; fileEncoding = 4; lastKnownFileType = file.storyboard; name = "Launch Screen.storyboard"; path = "../Launch Screen.storyboard"; sourceTree = "<group>"; };
/* End PBXFileReference section */

/* Begin PBXFrameworksBuildPhase section */
		D8E17A3119640AA200F1549F /* Frameworks */ = {
			isa = PBXFrameworksBuildPhase;
			buildActionMask = 2147483647;
			files = (
				D8E17A3A19640AA200F1549F /* CoreGraphics.framework in Frameworks */,
				D8E17A3C19640AA200F1549F /* UIKit.framework in Frameworks */,
				D8E17A3819640AA200F1549F /* Foundation.framework in Frameworks */,
			);
			runOnlyForDeploymentPostprocessing = 0;
		};
		D8E17A5219640AA200F1549F /* Frameworks */ = {
			isa = PBXFrameworksBuildPhase;
			buildActionMask = 2147483647;
			files = (
				D8E17A5719640AA200F1549F /* XCTest.framework in Frameworks */,
				D8E17A5919640AA200F1549F /* UIKit.framework in Frameworks */,
				D8E17A5819640AA200F1549F /* Foundation.framework in Frameworks */,
			);
			runOnlyForDeploymentPostprocessing = 0;
		};
/* End PBXFrameworksBuildPhase section */

/* Begin PBXGroup section */
		D8E17A2B19640AA200F1549F = {
			isa = PBXGroup;
			children = (
				D8E17A3D19640AA200F1549F /* validatedSignUp */,
				D8E17A3619640AA200F1549F /* Frameworks */,
				D8E17A3519640AA200F1549F /* Products */,
			);
			sourceTree = "<group>";
		};
		D8E17A3519640AA200F1549F /* Products */ = {
			isa = PBXGroup;
			children = (
				D8E17A3419640AA200F1549F /* validatedSignUp.app */,
				D8E17A5519640AA200F1549F /* validatedSignUpTests.xctest */,
			);
			name = Products;
			sourceTree = "<group>";
		};
		D8E17A3619640AA200F1549F /* Frameworks */ = {
			isa = PBXGroup;
			children = (
				D8E17A3719640AA200F1549F /* Foundation.framework */,
				D8E17A3919640AA200F1549F /* CoreGraphics.framework */,
				D8E17A3B19640AA200F1549F /* UIKit.framework */,
				D8E17A5619640AA200F1549F /* XCTest.framework */,
			);
			name = Frameworks;
			sourceTree = "<group>";
		};
		D8E17A3D19640AA200F1549F /* validatedSignUp */ = {
			isa = PBXGroup;
			children = (
				D8E17A4619640AA200F1549F /* FISAppDelegate.h */,
				D8E17A4719640AA200F1549F /* FISAppDelegate.m */,
				D8E17A4919640AA200F1549F /* Main.storyboard */,
				D8E17A4C19640AA200F1549F /* FISViewController.h */,
				D8E17A4D19640AA200F1549F /* FISViewController.m */,
				D8E17A4F19640AA200F1549F /* Images.xcassets */,
				D8E17A3E19640AA200F1549F /* Supporting Files */,
			);
			path = validatedSignUp;
			sourceTree = "<group>";
		};
		D8E17A3E19640AA200F1549F /* Supporting Files */ = {
			isa = PBXGroup;
			children = (
				E271A43E1BE3AA2600180BC8 /* Launch Screen.storyboard */,
				D8E17A3F19640AA200F1549F /* validatedSignUp-Info.plist */,
				D8E17A4019640AA200F1549F /* InfoPlist.strings */,
				D8E17A4319640AA200F1549F /* main.m */,
				D8E17A4519640AA200F1549F /* validatedSignUp-Prefix.pch */,
			);
			name = "Supporting Files";
			sourceTree = "<group>";
		};
/* End PBXGroup section */

/* Begin PBXNativeTarget section */
		D8E17A3319640AA200F1549F /* validatedSignUp */ = {
			isa = PBXNativeTarget;
			buildConfigurationList = D8E17A6619640AA200F1549F /* Build configuration list for PBXNativeTarget "validatedSignUp" */;
			buildPhases = (
				D8E17A3019640AA200F1549F /* Sources */,
				D8E17A3119640AA200F1549F /* Frameworks */,
				D8E17A3219640AA200F1549F /* Resources */,
			);
			buildRules = (
			);
			dependencies = (
			);
			name = validatedSignUp;
			productName = validatedSignUp;
			productReference = D8E17A3419640AA200F1549F /* validatedSignUp.app */;
			productType = "com.apple.product-type.application";
		};
		D8E17A5419640AA200F1549F /* validatedSignUpTests */ = {
			isa = PBXNativeTarget;
			buildConfigurationList = D8E17A6919640AA200F1549F /* Build configuration list for PBXNativeTarget "validatedSignUpTests" */;
			buildPhases = (
				D8E17A5119640AA200F1549F /* Sources */,
				D8E17A5219640AA200F1549F /* Frameworks */,
				D8E17A5319640AA200F1549F /* Resources */,
			);
			buildRules = (
			);
			dependencies = (
				D8E17A5B19640AA200F1549F /* PBXTargetDependency */,
			);
			name = validatedSignUpTests;
			productName = validatedSignUpTests;
			productReference = D8E17A5519640AA200F1549F /* validatedSignUpTests.xctest */;
			productType = "com.apple.product-type.bundle.unit-test";
		};
/* End PBXNativeTarget section */

/* Begin PBXProject section */
		D8E17A2C19640AA200F1549F /* Project object */ = {
			isa = PBXProject;
			attributes = {
				CLASSPREFIX = FIS;
				LastUpgradeCheck = 0510;
				LastUpgradeCheck = 0700;
				ORGANIZATIONNAME = "Joe Burgess";
				TargetAttributes = {
					D8E17A5419640AA200F1549F = {
						TestTargetID = D8E17A3319640AA200F1549F;
					};
				};
			};
			buildConfigurationList = D8E17A2F19640AA200F1549F /* Build configuration list for PBXProject "validatedSignUp" */;
			compatibilityVersion = "Xcode 3.2";
			developmentRegion = English;
			hasScannedForEncodings = 0;
			knownRegions = (
				en,
				Base,
			);
			mainGroup = D8E17A2B19640AA200F1549F;
			productRefGroup = D8E17A3519640AA200F1549F /* Products */;
			projectDirPath = "";
			projectRoot = "";
			targets = (
				D8E17A3319640AA200F1549F /* validatedSignUp */,
				D8E17A5419640AA200F1549F /* validatedSignUpTests */,
			);
		};
/* End PBXProject section */

/* Begin PBXResourcesBuildPhase section */
		D8E17A3219640AA200F1549F /* Resources */ = {
			isa = PBXResourcesBuildPhase;
			buildActionMask = 2147483647;
			files = (
				D8E17A5019640AA200F1549F /* Images.xcassets in Resources */,
				D8E17A4219640AA200F1549F /* InfoPlist.strings in Resources */,
				E271A43F1BE3AA2600180BC8 /* Launch Screen.storyboard in Resources */,
				D8E17A4B19640AA200F1549F /* Main.storyboard in Resources */,
			);
			runOnlyForDeploymentPostprocessing = 0;
		};
		D8E17A5319640AA200F1549F /* Resources */ = {
			isa = PBXResourcesBuildPhase;
			buildActionMask = 2147483647;
			files = (
			);
			runOnlyForDeploymentPostprocessing = 0;
		};
/* End PBXResourcesBuildPhase section */

/* Begin PBXSourcesBuildPhase section */
		D8E17A3019640AA200F1549F /* Sources */ = {
			isa = PBXSourcesBuildPhase;
			buildActionMask = 2147483647;
			files = (
				D8E17A4E19640AA200F1549F /* FISViewController.m in Sources */,
				D8E17A4419640AA200F1549F /* main.m in Sources */,
				D8E17A4819640AA200F1549F /* FISAppDelegate.m in Sources */,
			);
			runOnlyForDeploymentPostprocessing = 0;
		};
		D8E17A5119640AA200F1549F /* Sources */ = {
			isa = PBXSourcesBuildPhase;
			buildActionMask = 2147483647;
			files = (
			);
			runOnlyForDeploymentPostprocessing = 0;
		};
/* End PBXSourcesBuildPhase section */

/* Begin PBXTargetDependency section */
		D8E17A5B19640AA200F1549F /* PBXTargetDependency */ = {
			isa = PBXTargetDependency;
			target = D8E17A3319640AA200F1549F /* validatedSignUp */;
			targetProxy = D8E17A5A19640AA200F1549F /* PBXContainerItemProxy */;
		};
/* End PBXTargetDependency section */

/* Begin PBXVariantGroup section */
		D8E17A4019640AA200F1549F /* InfoPlist.strings */ = {
			isa = PBXVariantGroup;
			children = (
				D8E17A4119640AA200F1549F /* en */,
			);
			name = InfoPlist.strings;
			sourceTree = "<group>";
		};
		D8E17A4919640AA200F1549F /* Main.storyboard */ = {
			isa = PBXVariantGroup;
			children = (
				D8E17A4A19640AA200F1549F /* Base */,
			);
			name = Main.storyboard;
			sourceTree = "<group>";
		};
/* End PBXVariantGroup section */

/* Begin XCBuildConfiguration section */
		D8E17A6419640AA200F1549F /* Debug */ = {
			isa = XCBuildConfiguration;
			buildSettings = {
				ALWAYS_SEARCH_USER_PATHS = NO;
				CLANG_CXX_LANGUAGE_STANDARD = "gnu++0x";
				CLANG_CXX_LIBRARY = "libc++";
				CLANG_ENABLE_MODULES = YES;
				CLANG_ENABLE_OBJC_ARC = YES;
				CLANG_WARN_BOOL_CONVERSION = YES;
				CLANG_WARN_CONSTANT_CONVERSION = YES;
				CLANG_WARN_DIRECT_OBJC_ISA_USAGE = YES_ERROR;
				CLANG_WARN_EMPTY_BODY = YES;
				CLANG_WARN_ENUM_CONVERSION = YES;
				CLANG_WARN_INT_CONVERSION = YES;
				CLANG_WARN_OBJC_ROOT_CLASS = YES_ERROR;
				CLANG_WARN__DUPLICATE_METHOD_MATCH = YES;
				"CODE_SIGN_IDENTITY[sdk=iphoneos*]" = "iPhone Developer";
				COPY_PHASE_STRIP = NO;
				ENABLE_TESTABILITY = YES;
				GCC_C_LANGUAGE_STANDARD = gnu99;
				GCC_DYNAMIC_NO_PIC = NO;
				GCC_OPTIMIZATION_LEVEL = 0;
				GCC_PREPROCESSOR_DEFINITIONS = (
					"DEBUG=1",
					"$(inherited)",
				);
				GCC_SYMBOLS_PRIVATE_EXTERN = NO;
				GCC_WARN_64_TO_32_BIT_CONVERSION = YES;
				GCC_WARN_ABOUT_RETURN_TYPE = YES_ERROR;
				GCC_WARN_UNDECLARED_SELECTOR = YES;
				GCC_WARN_UNINITIALIZED_AUTOS = YES_AGGRESSIVE;
				GCC_WARN_UNUSED_FUNCTION = YES;
				GCC_WARN_UNUSED_VARIABLE = YES;
				IPHONEOS_DEPLOYMENT_TARGET = 7.1;
				IPHONEOS_DEPLOYMENT_TARGET = 8.0;
				ONLY_ACTIVE_ARCH = YES;
				SDKROOT = iphoneos;
			};
			name = Debug;
		};
		D8E17A6519640AA200F1549F /* Release */ = {
			isa = XCBuildConfiguration;
			buildSettings = {
				ALWAYS_SEARCH_USER_PATHS = NO;
				CLANG_CXX_LANGUAGE_STANDARD = "gnu++0x";
				CLANG_CXX_LIBRARY = "libc++";
				CLANG_ENABLE_MODULES = YES;
				CLANG_ENABLE_OBJC_ARC = YES;
				CLANG_WARN_BOOL_CONVERSION = YES;
				CLANG_WARN_CONSTANT_CONVERSION = YES;
				CLANG_WARN_DIRECT_OBJC_ISA_USAGE = YES_ERROR;
				CLANG_WARN_EMPTY_BODY = YES;
				CLANG_WARN_ENUM_CONVERSION = YES;
				CLANG_WARN_INT_CONVERSION = YES;
				CLANG_WARN_OBJC_ROOT_CLASS = YES_ERROR;
				CLANG_WARN__DUPLICATE_METHOD_MATCH = YES;
				"CODE_SIGN_IDENTITY[sdk=iphoneos*]" = "iPhone Developer";
				COPY_PHASE_STRIP = YES;
				ENABLE_NS_ASSERTIONS = NO;
				GCC_C_LANGUAGE_STANDARD = gnu99;
				GCC_WARN_64_TO_32_BIT_CONVERSION = YES;
				GCC_WARN_ABOUT_RETURN_TYPE = YES_ERROR;
				GCC_WARN_UNDECLARED_SELECTOR = YES;
				GCC_WARN_UNINITIALIZED_AUTOS = YES_AGGRESSIVE;
				GCC_WARN_UNUSED_FUNCTION = YES;
				GCC_WARN_UNUSED_VARIABLE = YES;
				IPHONEOS_DEPLOYMENT_TARGET = 7.1;
				IPHONEOS_DEPLOYMENT_TARGET = 8.0;
				SDKROOT = iphoneos;
				VALIDATE_PRODUCT = YES;
			};
			name = Release;
		};
		D8E17A6719640AA200F1549F /* Debug */ = {
			isa = XCBuildConfiguration;
			buildSettings = {
				ASSETCATALOG_COMPILER_APPICON_NAME = AppIcon;
				ASSETCATALOG_COMPILER_LAUNCHIMAGE_NAME = LaunchImage;
				GCC_PRECOMPILE_PREFIX_HEADER = YES;
				GCC_PREFIX_HEADER = "validatedSignUp/validatedSignUp-Prefix.pch";
				INFOPLIST_FILE = "validatedSignUp/validatedSignUp-Info.plist";
				IPHONEOS_DEPLOYMENT_TARGET = 8.0;
				PRODUCT_BUNDLE_IDENTIFIER = "FlatironSchool.${PRODUCT_NAME:rfc1034identifier}";
				PRODUCT_NAME = "$(TARGET_NAME)";
				WRAPPER_EXTENSION = app;
			};
			name = Debug;
		};
		D8E17A6819640AA200F1549F /* Release */ = {
			isa = XCBuildConfiguration;
			buildSettings = {
				ASSETCATALOG_COMPILER_APPICON_NAME = AppIcon;
				ASSETCATALOG_COMPILER_LAUNCHIMAGE_NAME = LaunchImage;
				GCC_PRECOMPILE_PREFIX_HEADER = YES;
				GCC_PREFIX_HEADER = "validatedSignUp/validatedSignUp-Prefix.pch";
				INFOPLIST_FILE = "validatedSignUp/validatedSignUp-Info.plist";
				IPHONEOS_DEPLOYMENT_TARGET = 8.0;
				PRODUCT_BUNDLE_IDENTIFIER = "FlatironSchool.${PRODUCT_NAME:rfc1034identifier}";
				PRODUCT_NAME = "$(TARGET_NAME)";
				WRAPPER_EXTENSION = app;
			};
			name = Release;
		};
		D8E17A6A19640AA200F1549F /* Debug */ = {
			isa = XCBuildConfiguration;
			buildSettings = {
				BUNDLE_LOADER = "$(BUILT_PRODUCTS_DIR)/validatedSignUp.app/validatedSignUp";
				FRAMEWORK_SEARCH_PATHS = (
					"$(SDKROOT)/Developer/Library/Frameworks",
					"$(inherited)",
					"$(DEVELOPER_FRAMEWORKS_DIR)",
				);
				GCC_PRECOMPILE_PREFIX_HEADER = YES;
				GCC_PREFIX_HEADER = "validatedSignUp/validatedSignUp-Prefix.pch";
				GCC_PREPROCESSOR_DEFINITIONS = (
					"DEBUG=1",
					"$(inherited)",
				);
				INFOPLIST_FILE = "validatedSignUpTests/validatedSignUpTests-Info.plist";
				PRODUCT_BUNDLE_IDENTIFIER = "FlatironSchool.${PRODUCT_NAME:rfc1034identifier}";
				PRODUCT_NAME = "$(TARGET_NAME)";
				TEST_HOST = "$(BUNDLE_LOADER)";
				WRAPPER_EXTENSION = xctest;
			};
			name = Debug;
		};
		D8E17A6B19640AA200F1549F /* Release */ = {
			isa = XCBuildConfiguration;
			buildSettings = {
				BUNDLE_LOADER = "$(BUILT_PRODUCTS_DIR)/validatedSignUp.app/validatedSignUp";
				FRAMEWORK_SEARCH_PATHS = (
					"$(SDKROOT)/Developer/Library/Frameworks",
					"$(inherited)",
					"$(DEVELOPER_FRAMEWORKS_DIR)",
				);
				GCC_PRECOMPILE_PREFIX_HEADER = YES;
				GCC_PREFIX_HEADER = "validatedSignUp/validatedSignUp-Prefix.pch";
				INFOPLIST_FILE = "validatedSignUpTests/validatedSignUpTests-Info.plist";
				PRODUCT_BUNDLE_IDENTIFIER = "FlatironSchool.${PRODUCT_NAME:rfc1034identifier}";
				PRODUCT_NAME = "$(TARGET_NAME)";
				TEST_HOST = "$(BUNDLE_LOADER)";
				WRAPPER_EXTENSION = xctest;
			};
			name = Release;
		};
/* End XCBuildConfiguration section */

/* Begin XCConfigurationList section */
		D8E17A2F19640AA200F1549F /* Build configuration list for PBXProject "validatedSignUp" */ = {
			isa = XCConfigurationList;
			buildConfigurations = (
				D8E17A6419640AA200F1549F /* Debug */,
				D8E17A6519640AA200F1549F /* Release */,
			);
			defaultConfigurationIsVisible = 0;
			defaultConfigurationName = Release;
		};
		D8E17A6619640AA200F1549F /* Build configuration list for PBXNativeTarget "validatedSignUp" */ = {
			isa = XCConfigurationList;
			buildConfigurations = (
				D8E17A6719640AA200F1549F /* Debug */,
				D8E17A6819640AA200F1549F /* Release */,
			);
			defaultConfigurationIsVisible = 0;
			defaultConfigurationName = Release;
		};
		D8E17A6919640AA200F1549F /* Build configuration list for PBXNativeTarget "validatedSignUpTests" */ = {
			isa = XCConfigurationList;
			buildConfigurations = (
				D8E17A6A19640AA200F1549F /* Debug */,
				D8E17A6B19640AA200F1549F /* Release */,
			);
			defaultConfigurationIsVisible = 0;
			defaultConfigurationName = Release;
		};
/* End XCConfigurationList section */
	};
	rootObject = D8E17A2C19640AA200F1549F /* Project object */;
}
